
Microsoft Visual Studio Solution File, Format Version 12.00
# Visual Studio Version 16
VisualStudioVersion = 16.0.30611.23
MinimumVisualStudioVersion = 10.0.40219.1
Project("{FAE04EC0-301F-11D3-BF4B-00C04F79EFBC}") = "BlockchainCSharp", "BlockchainCSharp\BlockchainCSharp.csproj", "{F41CEA05-3560-4D06-B450-27934580533E}"
EndProject
Global
	GlobalSection(SolutionConfigurationPlatforms) = preSolution
		Debug|Any CPU = Debug|Any CPU
		Release|Any CPU = Release|Any CPU
	EndGlobalSection
	GlobalSection(ProjectConfigurationPlatforms) = postSolution
		{F41CEA05-3560-4D06-B450-27934580533E}.Debug|Any CPU.ActiveCfg = Debug|Any CPU
		{F41CEA05-3560-4D06-B450-27934580533E}.Debug|Any CPU.Build.0 = Debug|Any CPU
		{F41CEA05-3560-4D06-B450-27934580533E}.Release|Any CPU.ActiveCfg = Release|Any CPU
		{F41CEA05-3560-4D06-B450-27934580533E}.Release|Any CPU.Build.0 = Release|Any CPU
	EndGlobalSection
	GlobalSection(SolutionProperties) = preSolution
		HideSolutionNode = FALSE
	EndGlobalSection
	GlobalSection(ExtensibilityGlobals) = postSolution
		SolutionGuid = {C1349C52-BC5F-452B-9C41-E53072D88C89}
	EndGlobalSection
EndGlobal
