
Microsoft Visual Studio Solution File, Format Version 12.00
# Visual Studio Version 16
VisualStudioVersion = 16.0.30611.23
MinimumVisualStudioVersion = 10.0.40219.1
Project("{FAE04EC0-301F-11D3-BF4B-00C04F79EFBC}") = "BlockChainApplication", "BlockChainApplication\BlockChainApplication.csproj", "{C198BF2F-7A69-427C-82A4-3C057C84B9CA}"
EndProject
Global
	GlobalSection(SolutionConfigurationPlatforms) = preSolution
		Debug|Any CPU = Debug|Any CPU
		Release|Any CPU = Release|Any CPU
	EndGlobalSection
	GlobalSection(ProjectConfigurationPlatforms) = postSolution
		{C198BF2F-7A69-427C-82A4-3C057C84B9CA}.Debug|Any CPU.ActiveCfg = Debug|Any CPU
		{C198BF2F-7A69-427C-82A4-3C057C84B9CA}.Debug|Any CPU.Build.0 = Debug|Any CPU
		{C198BF2F-7A69-427C-82A4-3C057C84B9CA}.Release|Any CPU.ActiveCfg = Release|Any CPU
		{C198BF2F-7A69-427C-82A4-3C057C84B9CA}.Release|Any CPU.Build.0 = Release|Any CPU
	EndGlobalSection
	GlobalSection(SolutionProperties) = preSolution
		HideSolutionNode = FALSE
	EndGlobalSection
	GlobalSection(ExtensibilityGlobals) = postSolution
		SolutionGuid = {11F747AA-EF8B-4DC3-B121-F50937B56A1B}
	EndGlobalSection
EndGlobal
